
Microsoft Visual Studio Solution File, Format Version 12.00
# Visual Studio 14
VisualStudioVersion = 14.0.24720.0
MinimumVisualStudioVersion = 10.0.40219.1
Project("{2150E333-8FDC-42A3-9474-1A3956D46DE8}") = "Domains", "Domains", "{DA538065-9356-4F8C-88AB-63588FC14F7B}"
EndProject
Project("{2150E333-8FDC-42A3-9474-1A3956D46DE8}") = "Clients", "Clients", "{6BAB7DB4-51E5-49F5-B115-D91FCAECBC3E}"
EndProject
Project("{FAE04EC0-301F-11D3-BF4B-00C04F79EFBC}") = "StatisticDomain", "Domains\StatisticDomain\StatisticDomain.csproj", "{DAF86126-9901-4448-B9B7-842E708DF031}"
EndProject
Project("{FAE04EC0-301F-11D3-BF4B-00C04F79EFBC}") = "ImportTool", "Clients\ImportTool\ImportTool.csproj", "{5A5FB910-54C1-4BAB-8C45-BCD195A6DBAB}"
EndProject
Project("{2150E333-8FDC-42A3-9474-1A3956D46DE8}") = "Utilities", "Utilities", "{5F75B2C5-D186-47C5-A88F-E4960A5012B3}"
EndProject
Project("{FAE04EC0-301F-11D3-BF4B-00C04F79EFBC}") = "LiquipediaDomain", "Domains\LiquipediaDomain\LiquipediaDomain.csproj", "{1BC74F48-67F5-487F-886F-F901100803BB}"
EndProject
Project("{FAE04EC0-301F-11D3-BF4B-00C04F79EFBC}") = "Utilities", "Utilities\Utilities\Utilities.csproj", "{C2B7E39D-3F74-42EE-9294-BC686D367CB3}"
EndProject
Global
	GlobalSection(SolutionConfigurationPlatforms) = preSolution
		Debug|Any CPU = Debug|Any CPU
		Release|Any CPU = Release|Any CPU
	EndGlobalSection
	GlobalSection(ProjectConfigurationPlatforms) = postSolution
		{DAF86126-9901-4448-B9B7-842E708DF031}.Debug|Any CPU.ActiveCfg = Debug|Any CPU
		{DAF86126-9901-4448-B9B7-842E708DF031}.Debug|Any CPU.Build.0 = Debug|Any CPU
		{DAF86126-9901-4448-B9B7-842E708DF031}.Release|Any CPU.ActiveCfg = Release|Any CPU
		{DAF86126-9901-4448-B9B7-842E708DF031}.Release|Any CPU.Build.0 = Release|Any CPU
		{5A5FB910-54C1-4BAB-8C45-BCD195A6DBAB}.Debug|Any CPU.ActiveCfg = Debug|Any CPU
		{5A5FB910-54C1-4BAB-8C45-BCD195A6DBAB}.Debug|Any CPU.Build.0 = Debug|Any CPU
		{5A5FB910-54C1-4BAB-8C45-BCD195A6DBAB}.Release|Any CPU.ActiveCfg = Release|Any CPU
		{5A5FB910-54C1-4BAB-8C45-BCD195A6DBAB}.Release|Any CPU.Build.0 = Release|Any CPU
		{1BC74F48-67F5-487F-886F-F901100803BB}.Debug|Any CPU.ActiveCfg = Debug|Any CPU
		{1BC74F48-67F5-487F-886F-F901100803BB}.Debug|Any CPU.Build.0 = Debug|Any CPU
		{1BC74F48-67F5-487F-886F-F901100803BB}.Release|Any CPU.ActiveCfg = Release|Any CPU
		{1BC74F48-67F5-487F-886F-F901100803BB}.Release|Any CPU.Build.0 = Release|Any CPU
		{C2B7E39D-3F74-42EE-9294-BC686D367CB3}.Debug|Any CPU.ActiveCfg = Debug|Any CPU
		{C2B7E39D-3F74-42EE-9294-BC686D367CB3}.Debug|Any CPU.Build.0 = Debug|Any CPU
		{C2B7E39D-3F74-42EE-9294-BC686D367CB3}.Release|Any CPU.ActiveCfg = Release|Any CPU
		{C2B7E39D-3F74-42EE-9294-BC686D367CB3}.Release|Any CPU.Build.0 = Release|Any CPU
	EndGlobalSection
	GlobalSection(SolutionProperties) = preSolution
		HideSolutionNode = FALSE
	EndGlobalSection
	GlobalSection(NestedProjects) = preSolution
		{DAF86126-9901-4448-B9B7-842E708DF031} = {DA538065-9356-4F8C-88AB-63588FC14F7B}
		{5A5FB910-54C1-4BAB-8C45-BCD195A6DBAB} = {6BAB7DB4-51E5-49F5-B115-D91FCAECBC3E}
		{1BC74F48-67F5-487F-886F-F901100803BB} = {DA538065-9356-4F8C-88AB-63588FC14F7B}
		{C2B7E39D-3F74-42EE-9294-BC686D367CB3} = {5F75B2C5-D186-47C5-A88F-E4960A5012B3}
	EndGlobalSection
EndGlobal
