
Microsoft Visual Studio Solution File, Format Version 12.00
# Visual Studio 14
VisualStudioVersion = 14.0.24720.0
MinimumVisualStudioVersion = 10.0.40219.1
Project("{2150E333-8FDC-42A3-9474-1A3956D46DE8}") = "Domains", "Domains", "{DA538065-9356-4F8C-88AB-63588FC14F7B}"
EndProject
Project("{2150E333-8FDC-42A3-9474-1A3956D46DE8}") = "Clients", "Clients", "{6BAB7DB4-51E5-49F5-B115-D91FCAECBC3E}"
EndProject
Project("{2150E333-8FDC-42A3-9474-1A3956D46DE8}") = "Utilities", "Utilities", "{5F75B2C5-D186-47C5-A88F-E4960A5012B3}"
EndProject
Project("{FAE04EC0-301F-11D3-BF4B-00C04F79EFBC}") = "Utilities", "Utilities\Utilities\Utilities.csproj", "{C2B7E39D-3F74-42EE-9294-BC686D367CB3}"
EndProject
Project("{FAE04EC0-301F-11D3-BF4B-00C04F79EFBC}") = "DesktopClient", "Clients\DesktopClient\DesktopClient.csproj", "{45739F58-E2A1-4B96-9AD5-29D78B15B234}"
EndProject
Project("{2150E333-8FDC-42A3-9474-1A3956D46DE8}") = "Tests", "Tests", "{5FC22C8C-934B-4307-B443-3EC9D2A5D149}"
EndProject
Project("{2150E333-8FDC-42A3-9474-1A3956D46DE8}") = "UnitTests", "UnitTests", "{EF62F47F-EC42-4335-A944-9591E84FBD65}"
EndProject
Project("{FAE04EC0-301F-11D3-BF4B-00C04F79EFBC}") = "DesktopClient.UnitTests", "Tests\UnitTests\DesktopClient.UnitTests\DesktopClient.UnitTests.csproj", "{CDD99D97-1123-4D32-AC76-CD2D5E332658}"
EndProject
Project("{2150E333-8FDC-42A3-9474-1A3956D46DE8}") = "Installer", "Installer", "{AF07FA42-29A0-4303-B303-0ACF25A566E5}"
EndProject
Project("{930C7802-8A8C-48F9-8165-68863BCCD9DD}") = "SC2Statistics.Installer", "Installer\SC2Statistics.Installer\SC2Statistics.Installer.wixproj", "{49DD5A1A-EC1C-4A9C-B079-F5CB716B1D85}"
EndProject
Project("{2150E333-8FDC-42A3-9474-1A3956D46DE8}") = "DataBase", "DataBase", "{66058C7E-E429-429E-A11B-EFF662ED8FA1}"
	ProjectSection(SolutionItems) = preProject
		DataBase\SC2Statistics.db = DataBase\SC2Statistics.db
	EndProjectSection
EndProject
Project("{2150E333-8FDC-42A3-9474-1A3956D46DE8}") = "ProxyComponents", "ProxyComponents", "{0359E4FA-FB0D-4983-B727-D7AC01910071}"
EndProject
Project("{FAE04EC0-301F-11D3-BF4B-00C04F79EFBC}") = "AligulacProxy", "ProxyComponents\AligulacProxy\AligulacProxy.csproj", "{BE2ECDAA-641C-4039-AD6F-1D7FA19A220A}"
EndProject
Project("{2150E333-8FDC-42A3-9474-1A3956D46DE8}") = "StatisticDomain", "StatisticDomain", "{E9719737-ABAC-4EF9-A0E1-2766EEB508D5}"
EndProject
Project("{FAE04EC0-301F-11D3-BF4B-00C04F79EFBC}") = "StatisticDomain.Model", "Domains\StatisticDomain\StatisticDomain.Model\StatisticDomain.Model.csproj", "{33FE332A-21EF-43EF-94E9-73B1D7121A54}"
EndProject
Project("{FAE04EC0-301F-11D3-BF4B-00C04F79EFBC}") = "StatisticDomain.Database", "Domains\StatisticDomain\StatisticDomain.Database\StatisticDomain.Database.csproj", "{B3D8F8E2-73DE-41A4-BD25-8070F0AD2D75}"
EndProject
Project("{FAE04EC0-301F-11D3-BF4B-00C04F79EFBC}") = "StatisticDomain.Service", "Domains\StatisticDomain\StatisticDomain.Service\StatisticDomain.Service.csproj", "{46FDCCF6-5D79-40E0-88EF-C64E3EDA0454}"
EndProject
Project("{FAE04EC0-301F-11D3-BF4B-00C04F79EFBC}") = "TeamLiquidProxy", "ProxyComponents\TeamLiquidProxy\TeamLiquidProxy.csproj", "{5016E428-00EB-4BAF-BB7A-3791FA9D56F2}"
EndProject
Global
	GlobalSection(SolutionConfigurationPlatforms) = preSolution
		Debug|Any CPU = Debug|Any CPU
		Debug|x86 = Debug|x86
		Release|Any CPU = Release|Any CPU
		Release|x86 = Release|x86
	EndGlobalSection
	GlobalSection(ProjectConfigurationPlatforms) = postSolution
		{C2B7E39D-3F74-42EE-9294-BC686D367CB3}.Debug|Any CPU.ActiveCfg = Debug|Any CPU
		{C2B7E39D-3F74-42EE-9294-BC686D367CB3}.Debug|Any CPU.Build.0 = Debug|Any CPU
		{C2B7E39D-3F74-42EE-9294-BC686D367CB3}.Debug|x86.ActiveCfg = Debug|Any CPU
		{C2B7E39D-3F74-42EE-9294-BC686D367CB3}.Debug|x86.Build.0 = Debug|Any CPU
		{C2B7E39D-3F74-42EE-9294-BC686D367CB3}.Release|Any CPU.ActiveCfg = Release|Any CPU
		{C2B7E39D-3F74-42EE-9294-BC686D367CB3}.Release|Any CPU.Build.0 = Release|Any CPU
		{C2B7E39D-3F74-42EE-9294-BC686D367CB3}.Release|x86.ActiveCfg = Release|Any CPU
		{C2B7E39D-3F74-42EE-9294-BC686D367CB3}.Release|x86.Build.0 = Release|Any CPU
		{45739F58-E2A1-4B96-9AD5-29D78B15B234}.Debug|Any CPU.ActiveCfg = Debug|Any CPU
		{45739F58-E2A1-4B96-9AD5-29D78B15B234}.Debug|Any CPU.Build.0 = Debug|Any CPU
		{45739F58-E2A1-4B96-9AD5-29D78B15B234}.Debug|x86.ActiveCfg = Debug|Any CPU
		{45739F58-E2A1-4B96-9AD5-29D78B15B234}.Debug|x86.Build.0 = Debug|Any CPU
		{45739F58-E2A1-4B96-9AD5-29D78B15B234}.Release|Any CPU.ActiveCfg = Release|Any CPU
		{45739F58-E2A1-4B96-9AD5-29D78B15B234}.Release|Any CPU.Build.0 = Release|Any CPU
		{45739F58-E2A1-4B96-9AD5-29D78B15B234}.Release|x86.ActiveCfg = Release|Any CPU
		{45739F58-E2A1-4B96-9AD5-29D78B15B234}.Release|x86.Build.0 = Release|Any CPU
		{CDD99D97-1123-4D32-AC76-CD2D5E332658}.Debug|Any CPU.ActiveCfg = Debug|Any CPU
		{CDD99D97-1123-4D32-AC76-CD2D5E332658}.Debug|Any CPU.Build.0 = Debug|Any CPU
		{CDD99D97-1123-4D32-AC76-CD2D5E332658}.Debug|x86.ActiveCfg = Debug|Any CPU
		{CDD99D97-1123-4D32-AC76-CD2D5E332658}.Debug|x86.Build.0 = Debug|Any CPU
		{CDD99D97-1123-4D32-AC76-CD2D5E332658}.Release|Any CPU.ActiveCfg = Release|Any CPU
		{CDD99D97-1123-4D32-AC76-CD2D5E332658}.Release|Any CPU.Build.0 = Release|Any CPU
		{CDD99D97-1123-4D32-AC76-CD2D5E332658}.Release|x86.ActiveCfg = Release|Any CPU
		{CDD99D97-1123-4D32-AC76-CD2D5E332658}.Release|x86.Build.0 = Release|Any CPU
		{49DD5A1A-EC1C-4A9C-B079-F5CB716B1D85}.Debug|Any CPU.ActiveCfg = Debug|x86
		{49DD5A1A-EC1C-4A9C-B079-F5CB716B1D85}.Debug|x86.ActiveCfg = Debug|x86
		{49DD5A1A-EC1C-4A9C-B079-F5CB716B1D85}.Debug|x86.Build.0 = Debug|x86
		{49DD5A1A-EC1C-4A9C-B079-F5CB716B1D85}.Release|Any CPU.ActiveCfg = Release|x86
		{49DD5A1A-EC1C-4A9C-B079-F5CB716B1D85}.Release|x86.ActiveCfg = Release|x86
		{49DD5A1A-EC1C-4A9C-B079-F5CB716B1D85}.Release|x86.Build.0 = Release|x86
		{BE2ECDAA-641C-4039-AD6F-1D7FA19A220A}.Debug|Any CPU.ActiveCfg = Debug|Any CPU
		{BE2ECDAA-641C-4039-AD6F-1D7FA19A220A}.Debug|Any CPU.Build.0 = Debug|Any CPU
		{BE2ECDAA-641C-4039-AD6F-1D7FA19A220A}.Debug|x86.ActiveCfg = Debug|Any CPU
		{BE2ECDAA-641C-4039-AD6F-1D7FA19A220A}.Debug|x86.Build.0 = Debug|Any CPU
		{BE2ECDAA-641C-4039-AD6F-1D7FA19A220A}.Release|Any CPU.ActiveCfg = Release|Any CPU
		{BE2ECDAA-641C-4039-AD6F-1D7FA19A220A}.Release|Any CPU.Build.0 = Release|Any CPU
		{BE2ECDAA-641C-4039-AD6F-1D7FA19A220A}.Release|x86.ActiveCfg = Release|Any CPU
		{BE2ECDAA-641C-4039-AD6F-1D7FA19A220A}.Release|x86.Build.0 = Release|Any CPU
		{33FE332A-21EF-43EF-94E9-73B1D7121A54}.Debug|Any CPU.ActiveCfg = Debug|Any CPU
		{33FE332A-21EF-43EF-94E9-73B1D7121A54}.Debug|Any CPU.Build.0 = Debug|Any CPU
		{33FE332A-21EF-43EF-94E9-73B1D7121A54}.Debug|x86.ActiveCfg = Debug|Any CPU
		{33FE332A-21EF-43EF-94E9-73B1D7121A54}.Debug|x86.Build.0 = Debug|Any CPU
		{33FE332A-21EF-43EF-94E9-73B1D7121A54}.Release|Any CPU.ActiveCfg = Release|Any CPU
		{33FE332A-21EF-43EF-94E9-73B1D7121A54}.Release|Any CPU.Build.0 = Release|Any CPU
		{33FE332A-21EF-43EF-94E9-73B1D7121A54}.Release|x86.ActiveCfg = Release|Any CPU
		{33FE332A-21EF-43EF-94E9-73B1D7121A54}.Release|x86.Build.0 = Release|Any CPU
		{B3D8F8E2-73DE-41A4-BD25-8070F0AD2D75}.Debug|Any CPU.ActiveCfg = Debug|Any CPU
		{B3D8F8E2-73DE-41A4-BD25-8070F0AD2D75}.Debug|Any CPU.Build.0 = Debug|Any CPU
		{B3D8F8E2-73DE-41A4-BD25-8070F0AD2D75}.Debug|x86.ActiveCfg = Debug|Any CPU
		{B3D8F8E2-73DE-41A4-BD25-8070F0AD2D75}.Debug|x86.Build.0 = Debug|Any CPU
		{B3D8F8E2-73DE-41A4-BD25-8070F0AD2D75}.Release|Any CPU.ActiveCfg = Release|Any CPU
		{B3D8F8E2-73DE-41A4-BD25-8070F0AD2D75}.Release|Any CPU.Build.0 = Release|Any CPU
		{B3D8F8E2-73DE-41A4-BD25-8070F0AD2D75}.Release|x86.ActiveCfg = Release|Any CPU
		{B3D8F8E2-73DE-41A4-BD25-8070F0AD2D75}.Release|x86.Build.0 = Release|Any CPU
		{46FDCCF6-5D79-40E0-88EF-C64E3EDA0454}.Debug|Any CPU.ActiveCfg = Debug|Any CPU
		{46FDCCF6-5D79-40E0-88EF-C64E3EDA0454}.Debug|Any CPU.Build.0 = Debug|Any CPU
		{46FDCCF6-5D79-40E0-88EF-C64E3EDA0454}.Debug|x86.ActiveCfg = Debug|Any CPU
		{46FDCCF6-5D79-40E0-88EF-C64E3EDA0454}.Debug|x86.Build.0 = Debug|Any CPU
		{46FDCCF6-5D79-40E0-88EF-C64E3EDA0454}.Release|Any CPU.ActiveCfg = Release|Any CPU
		{46FDCCF6-5D79-40E0-88EF-C64E3EDA0454}.Release|Any CPU.Build.0 = Release|Any CPU
		{46FDCCF6-5D79-40E0-88EF-C64E3EDA0454}.Release|x86.ActiveCfg = Release|Any CPU
		{46FDCCF6-5D79-40E0-88EF-C64E3EDA0454}.Release|x86.Build.0 = Release|Any CPU
		{5016E428-00EB-4BAF-BB7A-3791FA9D56F2}.Debug|Any CPU.ActiveCfg = Debug|Any CPU
		{5016E428-00EB-4BAF-BB7A-3791FA9D56F2}.Debug|Any CPU.Build.0 = Debug|Any CPU
		{5016E428-00EB-4BAF-BB7A-3791FA9D56F2}.Debug|x86.ActiveCfg = Debug|Any CPU
		{5016E428-00EB-4BAF-BB7A-3791FA9D56F2}.Debug|x86.Build.0 = Debug|Any CPU
		{5016E428-00EB-4BAF-BB7A-3791FA9D56F2}.Release|Any CPU.ActiveCfg = Release|Any CPU
		{5016E428-00EB-4BAF-BB7A-3791FA9D56F2}.Release|Any CPU.Build.0 = Release|Any CPU
		{5016E428-00EB-4BAF-BB7A-3791FA9D56F2}.Release|x86.ActiveCfg = Release|Any CPU
		{5016E428-00EB-4BAF-BB7A-3791FA9D56F2}.Release|x86.Build.0 = Release|Any CPU
	EndGlobalSection
	GlobalSection(SolutionProperties) = preSolution
		HideSolutionNode = FALSE
	EndGlobalSection
	GlobalSection(NestedProjects) = preSolution
		{C2B7E39D-3F74-42EE-9294-BC686D367CB3} = {5F75B2C5-D186-47C5-A88F-E4960A5012B3}
		{45739F58-E2A1-4B96-9AD5-29D78B15B234} = {6BAB7DB4-51E5-49F5-B115-D91FCAECBC3E}
		{EF62F47F-EC42-4335-A944-9591E84FBD65} = {5FC22C8C-934B-4307-B443-3EC9D2A5D149}
		{CDD99D97-1123-4D32-AC76-CD2D5E332658} = {EF62F47F-EC42-4335-A944-9591E84FBD65}
		{49DD5A1A-EC1C-4A9C-B079-F5CB716B1D85} = {AF07FA42-29A0-4303-B303-0ACF25A566E5}
		{BE2ECDAA-641C-4039-AD6F-1D7FA19A220A} = {0359E4FA-FB0D-4983-B727-D7AC01910071}
		{E9719737-ABAC-4EF9-A0E1-2766EEB508D5} = {DA538065-9356-4F8C-88AB-63588FC14F7B}
		{33FE332A-21EF-43EF-94E9-73B1D7121A54} = {E9719737-ABAC-4EF9-A0E1-2766EEB508D5}
		{B3D8F8E2-73DE-41A4-BD25-8070F0AD2D75} = {E9719737-ABAC-4EF9-A0E1-2766EEB508D5}
		{46FDCCF6-5D79-40E0-88EF-C64E3EDA0454} = {E9719737-ABAC-4EF9-A0E1-2766EEB508D5}
		{5016E428-00EB-4BAF-BB7A-3791FA9D56F2} = {0359E4FA-FB0D-4983-B727-D7AC01910071}
	EndGlobalSection
	GlobalSection(ExtensibilityGlobals) = postSolution
		EnterpriseLibraryConfigurationToolBinariesPathV6 = packages\EnterpriseLibrary.Common.6.0.1304.0\lib\NET45;packages\EnterpriseLibrary.Validation.6.0.1304.0\lib\NET45
	EndGlobalSection
EndGlobal
