
Microsoft Visual Studio Solution File, Format Version 12.00
# Visual Studio 14
VisualStudioVersion = 14.0.24720.0
MinimumVisualStudioVersion = 10.0.40219.1
Project("{2150E333-8FDC-42A3-9474-1A3956D46DE8}") = "Domains", "Domains", "{DA538065-9356-4F8C-88AB-63588FC14F7B}"
EndProject
Project("{2150E333-8FDC-42A3-9474-1A3956D46DE8}") = "Clients", "Clients", "{6BAB7DB4-51E5-49F5-B115-D91FCAECBC3E}"
EndProject
Project("{2150E333-8FDC-42A3-9474-1A3956D46DE8}") = "Utilities", "Utilities", "{5F75B2C5-D186-47C5-A88F-E4960A5012B3}"
EndProject
Project("{FAE04EC0-301F-11D3-BF4B-00C04F79EFBC}") = "SC2Domain", "Domains\LiquipediaDomain\SC2Domain.csproj", "{1BC74F48-67F5-487F-886F-F901100803BB}"
EndProject
Project("{FAE04EC0-301F-11D3-BF4B-00C04F79EFBC}") = "Utilities", "Utilities\Utilities\Utilities.csproj", "{C2B7E39D-3F74-42EE-9294-BC686D367CB3}"
EndProject
Project("{FAE04EC0-301F-11D3-BF4B-00C04F79EFBC}") = "DesktopClient", "Clients\DesktopClient\DesktopClient.csproj", "{45739F58-E2A1-4B96-9AD5-29D78B15B234}"
EndProject
Project("{2150E333-8FDC-42A3-9474-1A3956D46DE8}") = "Tests", "Tests", "{5FC22C8C-934B-4307-B443-3EC9D2A5D149}"
EndProject
Project("{2150E333-8FDC-42A3-9474-1A3956D46DE8}") = "UnitTests", "UnitTests", "{EF62F47F-EC42-4335-A944-9591E84FBD65}"
EndProject
Project("{FAE04EC0-301F-11D3-BF4B-00C04F79EFBC}") = "DesktopClient.UnitTests", "Tests\UnitTests\DesktopClient.UnitTests\DesktopClient.UnitTests.csproj", "{CDD99D97-1123-4D32-AC76-CD2D5E332658}"
EndProject
Global
	GlobalSection(SolutionConfigurationPlatforms) = preSolution
		Debug|Any CPU = Debug|Any CPU
		Release|Any CPU = Release|Any CPU
	EndGlobalSection
	GlobalSection(ProjectConfigurationPlatforms) = postSolution
		{1BC74F48-67F5-487F-886F-F901100803BB}.Debug|Any CPU.ActiveCfg = Debug|Any CPU
		{1BC74F48-67F5-487F-886F-F901100803BB}.Debug|Any CPU.Build.0 = Debug|Any CPU
		{1BC74F48-67F5-487F-886F-F901100803BB}.Release|Any CPU.ActiveCfg = Release|Any CPU
		{1BC74F48-67F5-487F-886F-F901100803BB}.Release|Any CPU.Build.0 = Release|Any CPU
		{C2B7E39D-3F74-42EE-9294-BC686D367CB3}.Debug|Any CPU.ActiveCfg = Debug|Any CPU
		{C2B7E39D-3F74-42EE-9294-BC686D367CB3}.Debug|Any CPU.Build.0 = Debug|Any CPU
		{C2B7E39D-3F74-42EE-9294-BC686D367CB3}.Release|Any CPU.ActiveCfg = Release|Any CPU
		{C2B7E39D-3F74-42EE-9294-BC686D367CB3}.Release|Any CPU.Build.0 = Release|Any CPU
		{45739F58-E2A1-4B96-9AD5-29D78B15B234}.Debug|Any CPU.ActiveCfg = Debug|Any CPU
		{45739F58-E2A1-4B96-9AD5-29D78B15B234}.Debug|Any CPU.Build.0 = Debug|Any CPU
		{45739F58-E2A1-4B96-9AD5-29D78B15B234}.Release|Any CPU.ActiveCfg = Release|Any CPU
		{45739F58-E2A1-4B96-9AD5-29D78B15B234}.Release|Any CPU.Build.0 = Release|Any CPU
		{CDD99D97-1123-4D32-AC76-CD2D5E332658}.Debug|Any CPU.ActiveCfg = Debug|Any CPU
		{CDD99D97-1123-4D32-AC76-CD2D5E332658}.Debug|Any CPU.Build.0 = Debug|Any CPU
		{CDD99D97-1123-4D32-AC76-CD2D5E332658}.Release|Any CPU.ActiveCfg = Release|Any CPU
		{CDD99D97-1123-4D32-AC76-CD2D5E332658}.Release|Any CPU.Build.0 = Release|Any CPU
	EndGlobalSection
	GlobalSection(SolutionProperties) = preSolution
		HideSolutionNode = FALSE
	EndGlobalSection
	GlobalSection(NestedProjects) = preSolution
		{1BC74F48-67F5-487F-886F-F901100803BB} = {DA538065-9356-4F8C-88AB-63588FC14F7B}
		{C2B7E39D-3F74-42EE-9294-BC686D367CB3} = {5F75B2C5-D186-47C5-A88F-E4960A5012B3}
		{45739F58-E2A1-4B96-9AD5-29D78B15B234} = {6BAB7DB4-51E5-49F5-B115-D91FCAECBC3E}
		{EF62F47F-EC42-4335-A944-9591E84FBD65} = {5FC22C8C-934B-4307-B443-3EC9D2A5D149}
		{CDD99D97-1123-4D32-AC76-CD2D5E332658} = {EF62F47F-EC42-4335-A944-9591E84FBD65}
	EndGlobalSection
	GlobalSection(ExtensibilityGlobals) = postSolution
		EnterpriseLibraryConfigurationToolBinariesPathV6 = packages\EnterpriseLibrary.Common.6.0.1304.0\lib\NET45;packages\EnterpriseLibrary.Validation.6.0.1304.0\lib\NET45
	EndGlobalSection
EndGlobal
